// !$*UTF8*$!
{
	archiveVersion = 1;
	classes = {
	};
	objectVersion = 50;
	objects = {

/* Begin PBXBuildFile section */
		536B37FB23A12FCB001947A0 /* AppDelegate.swift in Sources */ = {isa = PBXBuildFile; fileRef = 536B37FA23A12FCB001947A0 /* AppDelegate.swift */; };
		536B37FD23A12FCB001947A0 /* SceneDelegate.swift in Sources */ = {isa = PBXBuildFile; fileRef = 536B37FC23A12FCB001947A0 /* SceneDelegate.swift */; };
		536B37FF23A12FCB001947A0 /* Gateway.swift in Sources */ = {isa = PBXBuildFile; fileRef = 536B37FE23A12FCB001947A0 /* Gateway.swift */; };
		536B380223A12FCB001947A0 /* Main.storyboard in Resources */ = {isa = PBXBuildFile; fileRef = 536B380023A12FCB001947A0 /* Main.storyboard */; };
		536B380723A12FCE001947A0 /* Assets.xcassets in Resources */ = {isa = PBXBuildFile; fileRef = 536B380623A12FCE001947A0 /* Assets.xcassets */; };
		536B380A23A12FCE001947A0 /* LaunchScreen.storyboard in Resources */ = {isa = PBXBuildFile; fileRef = 536B380823A12FCE001947A0 /* LaunchScreen.storyboard */; };
		538E960E23A9A7EA005DDF39 /* AdvancedSettings.swift in Sources */ = {isa = PBXBuildFile; fileRef = 538E960D23A9A7EA005DDF39 /* AdvancedSettings.swift */; };
		538E961223A9BD21005DDF39 /* UndoSignIn.swift in Sources */ = {isa = PBXBuildFile; fileRef = 538E961123A9BD21005DDF39 /* UndoSignIn.swift */; };
		53EDB20A23A71BC0003049C8 /* ConfirmSignIn.swift in Sources */ = {isa = PBXBuildFile; fileRef = 53EDB20923A71BC0003049C8 /* ConfirmSignIn.swift */; };
		53EDB20C23A7F4AA003049C8 /* FormAndGender.swift in Sources */ = {isa = PBXBuildFile; fileRef = 53EDB20B23A7F4AA003049C8 /* FormAndGender.swift */; };
		65122C8B23A6BEDD00A0CD2D /* ButtonMods.swift in Sources */ = {isa = PBXBuildFile; fileRef = 65122C8A23A6BEDD00A0CD2D /* ButtonMods.swift */; };
		65AA959123AEAE8400B737A4 /* Main.swift in Sources */ = {isa = PBXBuildFile; fileRef = 65AA959023AEAE8400B737A4 /* Main.swift */; };
		65B393B123B0417A0093D823 /* StudentData.swift in Sources */ = {isa = PBXBuildFile; fileRef = 65B393B023B0417A0093D823 /* StudentData.swift */; };
		65C15BB623AC2BBC00B32474 /* FinalStudentList.swift in Sources */ = {isa = PBXBuildFile; fileRef = 65C15BB523AC2BBC00B32474 /* FinalStudentList.swift */; };
		65C15BB823AC372B00B32474 /* SignInComplete.swift in Sources */ = {isa = PBXBuildFile; fileRef = 65C15BB723AC372B00B32474 /* SignInComplete.swift */; };
/* End PBXBuildFile section */

/* Begin PBXFileReference section */
		536B37F723A12FCB001947A0 /* Cardinal.app */ = {isa = PBXFileReference; explicitFileType = wrapper.application; includeInIndex = 0; path = Cardinal.app; sourceTree = BUILT_PRODUCTS_DIR; };
		536B37FA23A12FCB001947A0 /* AppDelegate.swift */ = {isa = PBXFileReference; lastKnownFileType = sourcecode.swift; path = AppDelegate.swift; sourceTree = "<group>"; };
		536B37FC23A12FCB001947A0 /* SceneDelegate.swift */ = {isa = PBXFileReference; lastKnownFileType = sourcecode.swift; path = SceneDelegate.swift; sourceTree = "<group>"; };
		536B37FE23A12FCB001947A0 /* Gateway.swift */ = {isa = PBXFileReference; lastKnownFileType = sourcecode.swift; path = Gateway.swift; sourceTree = "<group>"; };
		536B380123A12FCB001947A0 /* Base */ = {isa = PBXFileReference; lastKnownFileType = file.storyboard; name = Base; path = Base.lproj/Main.storyboard; sourceTree = "<group>"; };
		536B380623A12FCE001947A0 /* Assets.xcassets */ = {isa = PBXFileReference; lastKnownFileType = folder.assetcatalog; path = Assets.xcassets; sourceTree = "<group>"; };
		536B380923A12FCE001947A0 /* Base */ = {isa = PBXFileReference; lastKnownFileType = file.storyboard; name = Base; path = Base.lproj/LaunchScreen.storyboard; sourceTree = "<group>"; };
		536B380B23A12FCE001947A0 /* Info.plist */ = {isa = PBXFileReference; lastKnownFileType = text.plist.xml; path = Info.plist; sourceTree = "<group>"; };
		538E960D23A9A7EA005DDF39 /* AdvancedSettings.swift */ = {isa = PBXFileReference; lastKnownFileType = sourcecode.swift; path = AdvancedSettings.swift; sourceTree = "<group>"; };
		538E961123A9BD21005DDF39 /* UndoSignIn.swift */ = {isa = PBXFileReference; lastKnownFileType = sourcecode.swift; path = UndoSignIn.swift; sourceTree = "<group>"; };
		53EDB20923A71BC0003049C8 /* ConfirmSignIn.swift */ = {isa = PBXFileReference; lastKnownFileType = sourcecode.swift; path = ConfirmSignIn.swift; sourceTree = "<group>"; };
		53EDB20B23A7F4AA003049C8 /* FormAndGender.swift */ = {isa = PBXFileReference; lastKnownFileType = sourcecode.swift; path = FormAndGender.swift; sourceTree = "<group>"; };
		65122C8A23A6BEDD00A0CD2D /* ButtonMods.swift */ = {isa = PBXFileReference; fileEncoding = 4; lastKnownFileType = sourcecode.swift; path = ButtonMods.swift; sourceTree = "<group>"; };
		65AA959023AEAE8400B737A4 /* Main.swift */ = {isa = PBXFileReference; fileEncoding = 4; lastKnownFileType = sourcecode.swift; path = Main.swift; sourceTree = "<group>"; };
		65B393B023B0417A0093D823 /* StudentData.swift */ = {isa = PBXFileReference; lastKnownFileType = sourcecode.swift; path = StudentData.swift; sourceTree = "<group>"; };
		65C15BB523AC2BBC00B32474 /* FinalStudentList.swift */ = {isa = PBXFileReference; lastKnownFileType = sourcecode.swift; path = FinalStudentList.swift; sourceTree = "<group>"; };
		65C15BB723AC372B00B32474 /* SignInComplete.swift */ = {isa = PBXFileReference; lastKnownFileType = sourcecode.swift; path = SignInComplete.swift; sourceTree = "<group>"; };
/* End PBXFileReference section */

/* Begin PBXFrameworksBuildPhase section */
		536B37F423A12FCB001947A0 /* Frameworks */ = {
			isa = PBXFrameworksBuildPhase;
			buildActionMask = 2147483647;
			files = (
			);
			runOnlyForDeploymentPostprocessing = 0;
		};
/* End PBXFrameworksBuildPhase section */

/* Begin PBXGroup section */
		536B37EE23A12FCB001947A0 = {
			isa = PBXGroup;
			children = (
				536B37F923A12FCB001947A0 /* Delta */,
				536B37F823A12FCB001947A0 /* Products */,
			);
			sourceTree = "<group>";
		};
		536B37F823A12FCB001947A0 /* Products */ = {
			isa = PBXGroup;
			children = (
				536B37F723A12FCB001947A0 /* Cardinal.app */,
			);
			name = Products;
			sourceTree = "<group>";
		};
		536B37F923A12FCB001947A0 /* Delta */ = {
			isa = PBXGroup;
			children = (
				536B380B23A12FCE001947A0 /* Info.plist */,
				536B37FA23A12FCB001947A0 /* AppDelegate.swift */,
				536B37FC23A12FCB001947A0 /* SceneDelegate.swift */,
				65122C8A23A6BEDD00A0CD2D /* ButtonMods.swift */,
				536B380623A12FCE001947A0 /* Assets.xcassets */,
				65AA958E23AEA97A00B737A4 /* Storyboards */,
				65AA958D23AEA96300B737A4 /* ViewControllers */,
			);
			path = Delta;
			sourceTree = "<group>";
		};
		65AA958D23AEA96300B737A4 /* ViewControllers */ = {
			isa = PBXGroup;
			children = (
				65B393B023B0417A0093D823 /* StudentData.swift */,
				65AA959023AEAE8400B737A4 /* Main.swift */,
				53EDB20923A71BC0003049C8 /* ConfirmSignIn.swift */,
				536B37FE23A12FCB001947A0 /* Gateway.swift */,
				53EDB20B23A7F4AA003049C8 /* FormAndGender.swift */,
				538E960D23A9A7EA005DDF39 /* AdvancedSettings.swift */,
				538E961123A9BD21005DDF39 /* UndoSignIn.swift */,
				65C15BB723AC372B00B32474 /* SignInComplete.swift */,
				65C15BB523AC2BBC00B32474 /* FinalStudentList.swift */,
			);
			path = ViewControllers;
			sourceTree = "<group>";
		};
		65AA958E23AEA97A00B737A4 /* Storyboards */ = {
			isa = PBXGroup;
			children = (
				536B380023A12FCB001947A0 /* Main.storyboard */,
				536B380823A12FCE001947A0 /* LaunchScreen.storyboard */,
			);
			path = Storyboards;
			sourceTree = "<group>";
		};
/* End PBXGroup section */

/* Begin PBXNativeTarget section */
		536B37F623A12FCB001947A0 /* Delta */ = {
			isa = PBXNativeTarget;
			buildConfigurationList = 536B380E23A12FCE001947A0 /* Build configuration list for PBXNativeTarget "Delta" */;
			buildPhases = (
				536B37F323A12FCB001947A0 /* Sources */,
				536B37F423A12FCB001947A0 /* Frameworks */,
				536B37F523A12FCB001947A0 /* Resources */,
			);
			buildRules = (
			);
			dependencies = (
			);
			name = Delta;
			productName = "Final Iteration of Sign in App";
			productReference = 536B37F723A12FCB001947A0 /* Cardinal.app */;
			productType = "com.apple.product-type.application";
		};
/* End PBXNativeTarget section */

/* Begin PBXProject section */
		536B37EF23A12FCB001947A0 /* Project object */ = {
			isa = PBXProject;
			attributes = {
				LastSwiftUpdateCheck = 1120;
				LastUpgradeCheck = 1120;
				ORGANIZATIONNAME = "Stewart  Zurbuch";
				TargetAttributes = {
					536B37F623A12FCB001947A0 = {
						CreatedOnToolsVersion = 11.2.1;
					};
				};
			};
			buildConfigurationList = 536B37F223A12FCB001947A0 /* Build configuration list for PBXProject "Delta" */;
			compatibilityVersion = "Xcode 9.3";
			developmentRegion = en;
			hasScannedForEncodings = 0;
			knownRegions = (
				en,
				Base,
			);
			mainGroup = 536B37EE23A12FCB001947A0;
			productRefGroup = 536B37F823A12FCB001947A0 /* Products */;
			projectDirPath = "";
			projectRoot = "";
			targets = (
				536B37F623A12FCB001947A0 /* Delta */,
			);
		};
/* End PBXProject section */

/* Begin PBXResourcesBuildPhase section */
		536B37F523A12FCB001947A0 /* Resources */ = {
			isa = PBXResourcesBuildPhase;
			buildActionMask = 2147483647;
			files = (
				536B380A23A12FCE001947A0 /* LaunchScreen.storyboard in Resources */,
				536B380723A12FCE001947A0 /* Assets.xcassets in Resources */,
				536B380223A12FCB001947A0 /* Main.storyboard in Resources */,
			);
			runOnlyForDeploymentPostprocessing = 0;
		};
/* End PBXResourcesBuildPhase section */

/* Begin PBXSourcesBuildPhase section */
		536B37F323A12FCB001947A0 /* Sources */ = {
			isa = PBXSourcesBuildPhase;
			buildActionMask = 2147483647;
			files = (
				538E960E23A9A7EA005DDF39 /* AdvancedSettings.swift in Sources */,
				536B37FF23A12FCB001947A0 /* Gateway.swift in Sources */,
				538E961223A9BD21005DDF39 /* UndoSignIn.swift in Sources */,
				65C15BB623AC2BBC00B32474 /* FinalStudentList.swift in Sources */,
				53EDB20A23A71BC0003049C8 /* ConfirmSignIn.swift in Sources */,
				65B393B123B0417A0093D823 /* StudentData.swift in Sources */,
				536B37FB23A12FCB001947A0 /* AppDelegate.swift in Sources */,
				65AA959123AEAE8400B737A4 /* Main.swift in Sources */,
				65122C8B23A6BEDD00A0CD2D /* ButtonMods.swift in Sources */,
				53EDB20C23A7F4AA003049C8 /* FormAndGender.swift in Sources */,
				65C15BB823AC372B00B32474 /* SignInComplete.swift in Sources */,
				536B37FD23A12FCB001947A0 /* SceneDelegate.swift in Sources */,
			);
			runOnlyForDeploymentPostprocessing = 0;
		};
/* End PBXSourcesBuildPhase section */

/* Begin PBXVariantGroup section */
		536B380023A12FCB001947A0 /* Main.storyboard */ = {
			isa = PBXVariantGroup;
			children = (
				536B380123A12FCB001947A0 /* Base */,
			);
			name = Main.storyboard;
			sourceTree = "<group>";
		};
		536B380823A12FCE001947A0 /* LaunchScreen.storyboard */ = {
			isa = PBXVariantGroup;
			children = (
				536B380923A12FCE001947A0 /* Base */,
			);
			name = LaunchScreen.storyboard;
			sourceTree = "<group>";
		};
/* End PBXVariantGroup section */

/* Begin XCBuildConfiguration section */
		536B380C23A12FCE001947A0 /* Debug */ = {
			isa = XCBuildConfiguration;
			buildSettings = {
				ALWAYS_SEARCH_USER_PATHS = NO;
				CLANG_ANALYZER_NONNULL = YES;
				CLANG_ANALYZER_NUMBER_OBJECT_CONVERSION = YES_AGGRESSIVE;
				CLANG_CXX_LANGUAGE_STANDARD = "gnu++14";
				CLANG_CXX_LIBRARY = "libc++";
				CLANG_ENABLE_MODULES = YES;
				CLANG_ENABLE_OBJC_ARC = YES;
				CLANG_ENABLE_OBJC_WEAK = YES;
				CLANG_WARN_BLOCK_CAPTURE_AUTORELEASING = YES;
				CLANG_WARN_BOOL_CONVERSION = YES;
				CLANG_WARN_COMMA = YES;
				CLANG_WARN_CONSTANT_CONVERSION = YES;
				CLANG_WARN_DEPRECATED_OBJC_IMPLEMENTATIONS = YES;
				CLANG_WARN_DIRECT_OBJC_ISA_USAGE = YES_ERROR;
				CLANG_WARN_DOCUMENTATION_COMMENTS = YES;
				CLANG_WARN_EMPTY_BODY = YES;
				CLANG_WARN_ENUM_CONVERSION = YES;
				CLANG_WARN_INFINITE_RECURSION = YES;
				CLANG_WARN_INT_CONVERSION = YES;
				CLANG_WARN_NON_LITERAL_NULL_CONVERSION = YES;
				CLANG_WARN_OBJC_IMPLICIT_RETAIN_SELF = YES;
				CLANG_WARN_OBJC_LITERAL_CONVERSION = YES;
				CLANG_WARN_OBJC_ROOT_CLASS = YES_ERROR;
				CLANG_WARN_RANGE_LOOP_ANALYSIS = YES;
				CLANG_WARN_STRICT_PROTOTYPES = YES;
				CLANG_WARN_SUSPICIOUS_MOVE = YES;
				CLANG_WARN_UNGUARDED_AVAILABILITY = YES_AGGRESSIVE;
				CLANG_WARN_UNREACHABLE_CODE = YES;
				CLANG_WARN__DUPLICATE_METHOD_MATCH = YES;
				COPY_PHASE_STRIP = NO;
				DEBUG_INFORMATION_FORMAT = dwarf;
				ENABLE_STRICT_OBJC_MSGSEND = YES;
				ENABLE_TESTABILITY = YES;
				GCC_C_LANGUAGE_STANDARD = gnu11;
				GCC_DYNAMIC_NO_PIC = NO;
				GCC_NO_COMMON_BLOCKS = YES;
				GCC_OPTIMIZATION_LEVEL = 0;
				GCC_PREPROCESSOR_DEFINITIONS = (
					"DEBUG=1",
					"$(inherited)",
				);
				GCC_WARN_64_TO_32_BIT_CONVERSION = YES;
				GCC_WARN_ABOUT_RETURN_TYPE = YES_ERROR;
				GCC_WARN_UNDECLARED_SELECTOR = YES;
				GCC_WARN_UNINITIALIZED_AUTOS = YES_AGGRESSIVE;
				GCC_WARN_UNUSED_FUNCTION = YES;
				GCC_WARN_UNUSED_VARIABLE = YES;
				IPHONEOS_DEPLOYMENT_TARGET = 13.2;
				MTL_ENABLE_DEBUG_INFO = INCLUDE_SOURCE;
				MTL_FAST_MATH = YES;
				ONLY_ACTIVE_ARCH = YES;
				SDKROOT = iphoneos;
				SWIFT_ACTIVE_COMPILATION_CONDITIONS = DEBUG;
				SWIFT_OPTIMIZATION_LEVEL = "-Onone";
				TARGETED_DEVICE_FAMILY = 2;
			};
			name = Debug;
		};
		536B380D23A12FCE001947A0 /* Release */ = {
			isa = XCBuildConfiguration;
			buildSettings = {
				ALWAYS_SEARCH_USER_PATHS = NO;
				CLANG_ANALYZER_NONNULL = YES;
				CLANG_ANALYZER_NUMBER_OBJECT_CONVERSION = YES_AGGRESSIVE;
				CLANG_CXX_LANGUAGE_STANDARD = "gnu++14";
				CLANG_CXX_LIBRARY = "libc++";
				CLANG_ENABLE_MODULES = YES;
				CLANG_ENABLE_OBJC_ARC = YES;
				CLANG_ENABLE_OBJC_WEAK = YES;
				CLANG_WARN_BLOCK_CAPTURE_AUTORELEASING = YES;
				CLANG_WARN_BOOL_CONVERSION = YES;
				CLANG_WARN_COMMA = YES;
				CLANG_WARN_CONSTANT_CONVERSION = YES;
				CLANG_WARN_DEPRECATED_OBJC_IMPLEMENTATIONS = YES;
				CLANG_WARN_DIRECT_OBJC_ISA_USAGE = YES_ERROR;
				CLANG_WARN_DOCUMENTATION_COMMENTS = YES;
				CLANG_WARN_EMPTY_BODY = YES;
				CLANG_WARN_ENUM_CONVERSION = YES;
				CLANG_WARN_INFINITE_RECURSION = YES;
				CLANG_WARN_INT_CONVERSION = YES;
				CLANG_WARN_NON_LITERAL_NULL_CONVERSION = YES;
				CLANG_WARN_OBJC_IMPLICIT_RETAIN_SELF = YES;
				CLANG_WARN_OBJC_LITERAL_CONVERSION = YES;
				CLANG_WARN_OBJC_ROOT_CLASS = YES_ERROR;
				CLANG_WARN_RANGE_LOOP_ANALYSIS = YES;
				CLANG_WARN_STRICT_PROTOTYPES = YES;
				CLANG_WARN_SUSPICIOUS_MOVE = YES;
				CLANG_WARN_UNGUARDED_AVAILABILITY = YES_AGGRESSIVE;
				CLANG_WARN_UNREACHABLE_CODE = YES;
				CLANG_WARN__DUPLICATE_METHOD_MATCH = YES;
				COPY_PHASE_STRIP = NO;
				DEBUG_INFORMATION_FORMAT = "dwarf-with-dsym";
				ENABLE_NS_ASSERTIONS = NO;
				ENABLE_STRICT_OBJC_MSGSEND = YES;
				GCC_C_LANGUAGE_STANDARD = gnu11;
				GCC_NO_COMMON_BLOCKS = YES;
				GCC_WARN_64_TO_32_BIT_CONVERSION = YES;
				GCC_WARN_ABOUT_RETURN_TYPE = YES_ERROR;
				GCC_WARN_UNDECLARED_SELECTOR = YES;
				GCC_WARN_UNINITIALIZED_AUTOS = YES_AGGRESSIVE;
				GCC_WARN_UNUSED_FUNCTION = YES;
				GCC_WARN_UNUSED_VARIABLE = YES;
				IPHONEOS_DEPLOYMENT_TARGET = 13.2;
				MTL_ENABLE_DEBUG_INFO = NO;
				MTL_FAST_MATH = YES;
				SDKROOT = iphoneos;
				SWIFT_COMPILATION_MODE = wholemodule;
				SWIFT_OPTIMIZATION_LEVEL = "-O";
				TARGETED_DEVICE_FAMILY = 2;
				VALIDATE_PRODUCT = YES;
			};
			name = Release;
		};
		536B380F23A12FCE001947A0 /* Debug */ = {
			isa = XCBuildConfiguration;
			buildSettings = {
				ASSETCATALOG_COMPILER_APPICON_NAME = AppIcon;
				CODE_SIGN_STYLE = Automatic;
				DEVELOPMENT_TEAM = QTHY9L8YV7;
				INFOPLIST_FILE = Delta/Info.plist;
				LD_RUNPATH_SEARCH_PATHS = (
					"$(inherited)",
					"@executable_path/Frameworks",
				);
				MARKETING_VERSION = 3;
				PRODUCT_BUNDLE_IDENTIFIER = "org.standrews-de.Delta";
				PRODUCT_NAME = Cardinal;
				SWIFT_VERSION = 5.0;
				TARGETED_DEVICE_FAMILY = 2;
			};
			name = Debug;
		};
		536B381023A12FCE001947A0 /* Release */ = {
			isa = XCBuildConfiguration;
			buildSettings = {
				ASSETCATALOG_COMPILER_APPICON_NAME = AppIcon;
				CODE_SIGN_STYLE = Automatic;
				DEVELOPMENT_TEAM = QTHY9L8YV7;
				INFOPLIST_FILE = Delta/Info.plist;
				LD_RUNPATH_SEARCH_PATHS = (
					"$(inherited)",
					"@executable_path/Frameworks",
				);
				MARKETING_VERSION = 3;
				PRODUCT_BUNDLE_IDENTIFIER = "org.standrews-de.Delta";
				PRODUCT_NAME = Cardinal;
				SWIFT_VERSION = 5.0;
				TARGETED_DEVICE_FAMILY = 2;
			};
			name = Release;
		};
/* End XCBuildConfiguration section */

/* Begin XCConfigurationList section */
		536B37F223A12FCB001947A0 /* Build configuration list for PBXProject "Delta" */ = {
			isa = XCConfigurationList;
			buildConfigurations = (
				536B380C23A12FCE001947A0 /* Debug */,
				536B380D23A12FCE001947A0 /* Release */,
			);
			defaultConfigurationIsVisible = 0;
			defaultConfigurationName = Release;
		};
		536B380E23A12FCE001947A0 /* Build configuration list for PBXNativeTarget "Delta" */ = {
			isa = XCConfigurationList;
			buildConfigurations = (
				536B380F23A12FCE001947A0 /* Debug */,
				536B381023A12FCE001947A0 /* Release */,
			);
			defaultConfigurationIsVisible = 0;
			defaultConfigurationName = Release;
		};
/* End XCConfigurationList section */
	};
	rootObject = 536B37EF23A12FCB001947A0 /* Project object */;
}
